
Microsoft Visual Studio Solution File, Format Version 12.00
# Visual Studio 15
VisualStudioVersion = 15.0.28306.52
MinimumVisualStudioVersion = 10.0.40219.1
Project("{9A19103F-16F7-4668-BE54-9A1E7A4F7556}") = "Tasks", "Tasks\Tasks.csproj", "{2535F1AC-775C-4CDA-B8FC-D466FA368F5A}"
EndProject
Project("{FAE04EC0-301F-11D3-BF4B-00C04F79EFBC}") = "Tasks_Tests", "Tasks_Tests\Tasks_Tests.csproj", "{965CF25B-BCB3-4E48-A036-1A69B1B55D3C}"
EndProject
Project("{2150E333-8FDC-42A3-9474-1A3956D46DE8}") = "Solution Items", "Solution Items", "{45F39079-5EF2-418B-947D-C176DB5253F7}"
	ProjectSection(SolutionItems) = preProject
		README.md = README.md
	EndProjectSection
EndProject
Global
	GlobalSection(SolutionConfigurationPlatforms) = preSolution
		Debug|Any CPU = Debug|Any CPU
		Release|Any CPU = Release|Any CPU
	EndGlobalSection
	GlobalSection(ProjectConfigurationPlatforms) = postSolution
		{2535F1AC-775C-4CDA-B8FC-D466FA368F5A}.Debug|Any CPU.ActiveCfg = Debug|Any CPU
		{2535F1AC-775C-4CDA-B8FC-D466FA368F5A}.Debug|Any CPU.Build.0 = Debug|Any CPU
		{2535F1AC-775C-4CDA-B8FC-D466FA368F5A}.Release|Any CPU.ActiveCfg = Release|Any CPU
		{2535F1AC-775C-4CDA-B8FC-D466FA368F5A}.Release|Any CPU.Build.0 = Release|Any CPU
		{965CF25B-BCB3-4E48-A036-1A69B1B55D3C}.Debug|Any CPU.ActiveCfg = Debug|Any CPU
		{965CF25B-BCB3-4E48-A036-1A69B1B55D3C}.Debug|Any CPU.Build.0 = Debug|Any CPU
		{965CF25B-BCB3-4E48-A036-1A69B1B55D3C}.Release|Any CPU.ActiveCfg = Release|Any CPU
		{965CF25B-BCB3-4E48-A036-1A69B1B55D3C}.Release|Any CPU.Build.0 = Release|Any CPU
	EndGlobalSection
	GlobalSection(SolutionProperties) = preSolution
		HideSolutionNode = FALSE
	EndGlobalSection
	GlobalSection(ExtensibilityGlobals) = postSolution
		SolutionGuid = {34BF741E-A510-45A7-AE69-F0E2C32552E2}
	EndGlobalSection
EndGlobal
