
Microsoft Visual Studio Solution File, Format Version 12.00
# Visual Studio 15
VisualStudioVersion = 15.0.28010.2036
MinimumVisualStudioVersion = 10.0.40219.1
Project("{FAE04EC0-301F-11D3-BF4B-00C04F79EFBC}") = "Sorts", "TwoSorts\Sorts.csproj", "{35D7D329-1065-4309-AF47-1E1DAC035604}"
EndProject
Project("{FAE04EC0-301F-11D3-BF4B-00C04F79EFBC}") = "Tests", "TwoSortsTests\Tests.csproj", "{D7D309AE-F8F3-4954-B359-21CA71EC68D7}"
EndProject
Global
	GlobalSection(SolutionConfigurationPlatforms) = preSolution
		Debug|Any CPU = Debug|Any CPU
		Release|Any CPU = Release|Any CPU
	EndGlobalSection
	GlobalSection(ProjectConfigurationPlatforms) = postSolution
		{35D7D329-1065-4309-AF47-1E1DAC035604}.Debug|Any CPU.ActiveCfg = Debug|Any CPU
		{35D7D329-1065-4309-AF47-1E1DAC035604}.Debug|Any CPU.Build.0 = Debug|Any CPU
		{35D7D329-1065-4309-AF47-1E1DAC035604}.Release|Any CPU.ActiveCfg = Release|Any CPU
		{35D7D329-1065-4309-AF47-1E1DAC035604}.Release|Any CPU.Build.0 = Release|Any CPU
		{D7D309AE-F8F3-4954-B359-21CA71EC68D7}.Debug|Any CPU.ActiveCfg = Debug|Any CPU
		{D7D309AE-F8F3-4954-B359-21CA71EC68D7}.Debug|Any CPU.Build.0 = Debug|Any CPU
		{D7D309AE-F8F3-4954-B359-21CA71EC68D7}.Release|Any CPU.ActiveCfg = Release|Any CPU
		{D7D309AE-F8F3-4954-B359-21CA71EC68D7}.Release|Any CPU.Build.0 = Release|Any CPU
	EndGlobalSection
	GlobalSection(SolutionProperties) = preSolution
		HideSolutionNode = FALSE
	EndGlobalSection
	GlobalSection(ExtensibilityGlobals) = postSolution
		SolutionGuid = {1830AA23-BE3E-45D8-8814-96C015BE24AF}
	EndGlobalSection
EndGlobal
