
Microsoft Visual Studio Solution File, Format Version 12.00
# Visual Studio 15
VisualStudioVersion = 15.0.28010.2036
MinimumVisualStudioVersion = 10.0.40219.1
Project("{FAE04EC0-301F-11D3-BF4B-00C04F79EFBC}") = "Tasks", "Tasks\Tasks.csproj", "{F8CED086-1A86-4C99-AAB6-981B92A16ED5}"
EndProject
Project("{FAE04EC0-301F-11D3-BF4B-00C04F79EFBC}") = "TasksTests", "TasksTests\TasksTests.csproj", "{8FF4FD0B-E0AF-487E-9F04-6D8EBADDD786}"
EndProject
Global
	GlobalSection(SolutionConfigurationPlatforms) = preSolution
		Debug|Any CPU = Debug|Any CPU
		Release|Any CPU = Release|Any CPU
	EndGlobalSection
	GlobalSection(ProjectConfigurationPlatforms) = postSolution
		{F8CED086-1A86-4C99-AAB6-981B92A16ED5}.Debug|Any CPU.ActiveCfg = Debug|Any CPU
		{F8CED086-1A86-4C99-AAB6-981B92A16ED5}.Debug|Any CPU.Build.0 = Debug|Any CPU
		{F8CED086-1A86-4C99-AAB6-981B92A16ED5}.Release|Any CPU.ActiveCfg = Release|Any CPU
		{F8CED086-1A86-4C99-AAB6-981B92A16ED5}.Release|Any CPU.Build.0 = Release|Any CPU
		{8FF4FD0B-E0AF-487E-9F04-6D8EBADDD786}.Debug|Any CPU.ActiveCfg = Debug|Any CPU
		{8FF4FD0B-E0AF-487E-9F04-6D8EBADDD786}.Debug|Any CPU.Build.0 = Debug|Any CPU
		{8FF4FD0B-E0AF-487E-9F04-6D8EBADDD786}.Release|Any CPU.ActiveCfg = Release|Any CPU
		{8FF4FD0B-E0AF-487E-9F04-6D8EBADDD786}.Release|Any CPU.Build.0 = Release|Any CPU
	EndGlobalSection
	GlobalSection(SolutionProperties) = preSolution
		HideSolutionNode = FALSE
	EndGlobalSection
	GlobalSection(ExtensibilityGlobals) = postSolution
		SolutionGuid = {54C8BF9F-0F31-4FBC-9BDE-E57EF00B5088}
	EndGlobalSection
EndGlobal
