
Microsoft Visual Studio Solution File, Format Version 12.00
# Visual Studio 15
VisualStudioVersion = 15.0.28307.106
MinimumVisualStudioVersion = 10.0.40219.1
Project("{2150E333-8FDC-42A3-9474-1A3956D46DE8}") = "Solution Items", "Solution Items", "{77E5BA4E-3EA1-4AB8-A273-59A47ABEB334}"
	ProjectSection(SolutionItems) = preProject
		README.md = README.md
	EndProjectSection
EndProject
Project("{FAE04EC0-301F-11D3-BF4B-00C04F79EFBC}") = "No3.Solution.Tests", "No3.Solution.Tests\No3.Solution.Tests.csproj", "{77F9034C-17BD-4BFB-BBB0-42D30FFA685C}"
EndProject
Project("{FAE04EC0-301F-11D3-BF4B-00C04F79EFBC}") = "No3.Solution", "No3.Solution\No3.Solution.csproj", "{5995D5EA-029A-4A4E-A655-F512D639FC7E}"
EndProject
Project("{FAE04EC0-301F-11D3-BF4B-00C04F79EFBC}") = "No6.Solution", "No6.Solution\No6.Solution.csproj", "{9F26F953-B31F-4812-A9F7-D3D5359755B9}"
EndProject
Project("{FAE04EC0-301F-11D3-BF4B-00C04F79EFBC}") = "No6.Solution.Tests", "No6.Solution.Tests\No6.Solution.Tests.csproj", "{B877440A-2601-4323-8DA7-B04C4D3B12FE}"
EndProject
Project("{FAE04EC0-301F-11D3-BF4B-00C04F79EFBC}") = "No1", "No1\No1.csproj", "{485BAEFB-F886-400A-9E91-B722D3545521}"
EndProject
Project("{FAE04EC0-301F-11D3-BF4B-00C04F79EFBC}") = "No1.Solution", "No1.Solution\No1.Solution.csproj", "{961258B7-9939-448F-9AFA-CA14C8FDF281}"
EndProject
Project("{FAE04EC0-301F-11D3-BF4B-00C04F79EFBC}") = "No1.Solution.Console", "No1.Solution.Console\No1.Solution.Console.csproj", "{35C0E92D-8662-41AB-8728-8FAF81610F54}"
EndProject
Global
	GlobalSection(SolutionConfigurationPlatforms) = preSolution
		Debug|Any CPU = Debug|Any CPU
		Release|Any CPU = Release|Any CPU
	EndGlobalSection
	GlobalSection(ProjectConfigurationPlatforms) = postSolution
		{77F9034C-17BD-4BFB-BBB0-42D30FFA685C}.Debug|Any CPU.ActiveCfg = Debug|Any CPU
		{77F9034C-17BD-4BFB-BBB0-42D30FFA685C}.Debug|Any CPU.Build.0 = Debug|Any CPU
		{77F9034C-17BD-4BFB-BBB0-42D30FFA685C}.Release|Any CPU.ActiveCfg = Release|Any CPU
		{77F9034C-17BD-4BFB-BBB0-42D30FFA685C}.Release|Any CPU.Build.0 = Release|Any CPU
		{5995D5EA-029A-4A4E-A655-F512D639FC7E}.Debug|Any CPU.ActiveCfg = Debug|Any CPU
		{5995D5EA-029A-4A4E-A655-F512D639FC7E}.Debug|Any CPU.Build.0 = Debug|Any CPU
		{5995D5EA-029A-4A4E-A655-F512D639FC7E}.Release|Any CPU.ActiveCfg = Release|Any CPU
		{5995D5EA-029A-4A4E-A655-F512D639FC7E}.Release|Any CPU.Build.0 = Release|Any CPU
		{9F26F953-B31F-4812-A9F7-D3D5359755B9}.Debug|Any CPU.ActiveCfg = Debug|Any CPU
		{9F26F953-B31F-4812-A9F7-D3D5359755B9}.Debug|Any CPU.Build.0 = Debug|Any CPU
		{9F26F953-B31F-4812-A9F7-D3D5359755B9}.Release|Any CPU.ActiveCfg = Release|Any CPU
		{9F26F953-B31F-4812-A9F7-D3D5359755B9}.Release|Any CPU.Build.0 = Release|Any CPU
		{B877440A-2601-4323-8DA7-B04C4D3B12FE}.Debug|Any CPU.ActiveCfg = Debug|Any CPU
		{B877440A-2601-4323-8DA7-B04C4D3B12FE}.Debug|Any CPU.Build.0 = Debug|Any CPU
		{B877440A-2601-4323-8DA7-B04C4D3B12FE}.Release|Any CPU.ActiveCfg = Release|Any CPU
		{B877440A-2601-4323-8DA7-B04C4D3B12FE}.Release|Any CPU.Build.0 = Release|Any CPU
		{485BAEFB-F886-400A-9E91-B722D3545521}.Debug|Any CPU.ActiveCfg = Debug|Any CPU
		{485BAEFB-F886-400A-9E91-B722D3545521}.Debug|Any CPU.Build.0 = Debug|Any CPU
		{485BAEFB-F886-400A-9E91-B722D3545521}.Release|Any CPU.ActiveCfg = Release|Any CPU
		{485BAEFB-F886-400A-9E91-B722D3545521}.Release|Any CPU.Build.0 = Release|Any CPU
		{961258B7-9939-448F-9AFA-CA14C8FDF281}.Debug|Any CPU.ActiveCfg = Debug|Any CPU
		{961258B7-9939-448F-9AFA-CA14C8FDF281}.Debug|Any CPU.Build.0 = Debug|Any CPU
		{961258B7-9939-448F-9AFA-CA14C8FDF281}.Release|Any CPU.ActiveCfg = Release|Any CPU
		{961258B7-9939-448F-9AFA-CA14C8FDF281}.Release|Any CPU.Build.0 = Release|Any CPU
		{35C0E92D-8662-41AB-8728-8FAF81610F54}.Debug|Any CPU.ActiveCfg = Debug|Any CPU
		{35C0E92D-8662-41AB-8728-8FAF81610F54}.Debug|Any CPU.Build.0 = Debug|Any CPU
		{35C0E92D-8662-41AB-8728-8FAF81610F54}.Release|Any CPU.ActiveCfg = Release|Any CPU
		{35C0E92D-8662-41AB-8728-8FAF81610F54}.Release|Any CPU.Build.0 = Release|Any CPU
	EndGlobalSection
	GlobalSection(SolutionProperties) = preSolution
		HideSolutionNode = FALSE
	EndGlobalSection
	GlobalSection(ExtensibilityGlobals) = postSolution
		SolutionGuid = {A24F5BEF-0D55-4F88-8A13-79AC12F21287}
	EndGlobalSection
EndGlobal
